// !$*UTF8*$!
{
	archiveVersion = 1;
	classes = {
	};
	objectVersion = 46;
	objects = {

/* Begin PBXBuildFile section */
		D320E88C1A44AC67002D9CD0 /* main.m in Sources */ = {isa = PBXBuildFile; fileRef = D320E88B1A44AC67002D9CD0 /* main.m */; };
		D320E88F1A44AC67002D9CD0 /* AppDelegate.m in Sources */ = {isa = PBXBuildFile; fileRef = D320E88E1A44AC67002D9CD0 /* AppDelegate.m */; };
		D320E8921A44AC67002D9CD0 /* ALiTunesReviewData.xcdatamodeld in Sources */ = {isa = PBXBuildFile; fileRef = D320E8901A44AC67002D9CD0 /* ALiTunesReviewData.xcdatamodeld */; };
		D320E8951A44AC67002D9CD0 /* ViewController.m in Sources */ = {isa = PBXBuildFile; fileRef = D320E8941A44AC67002D9CD0 /* ViewController.m */; };
		D320E8981A44AC67002D9CD0 /* Main.storyboard in Resources */ = {isa = PBXBuildFile; fileRef = D320E8961A44AC67002D9CD0 /* Main.storyboard */; };
		D320E89A1A44AC67002D9CD0 /* Images.xcassets in Resources */ = {isa = PBXBuildFile; fileRef = D320E8991A44AC67002D9CD0 /* Images.xcassets */; };
		D320E89D1A44AC67002D9CD0 /* LaunchScreen.xib in Resources */ = {isa = PBXBuildFile; fileRef = D320E89B1A44AC67002D9CD0 /* LaunchScreen.xib */; };
		D320E8A91A44AC67002D9CD0 /* ALiTunesReviewDataTests.m in Sources */ = {isa = PBXBuildFile; fileRef = D320E8A81A44AC67002D9CD0 /* ALiTunesReviewDataTests.m */; };
/* End PBXBuildFile section */

/* Begin PBXContainerItemProxy section */
		D320E8A31A44AC67002D9CD0 /* PBXContainerItemProxy */ = {
			isa = PBXContainerItemProxy;
			containerPortal = D320E87E1A44AC67002D9CD0 /* Project object */;
			proxyType = 1;
			remoteGlobalIDString = D320E8851A44AC67002D9CD0;
			remoteInfo = ALiTunesReviewData;
		};
/* End PBXContainerItemProxy section */

/* Begin PBXFileReference section */
		D320E8861A44AC67002D9CD0 /* ALiTunesReviewData.app */ = {isa = PBXFileReference; explicitFileType = wrapper.application; includeInIndex = 0; path = ALiTunesReviewData.app; sourceTree = BUILT_PRODUCTS_DIR; };
		D320E88A1A44AC67002D9CD0 /* Info.plist */ = {isa = PBXFileReference; lastKnownFileType = text.plist.xml; path = Info.plist; sourceTree = "<group>"; };
		D320E88B1A44AC67002D9CD0 /* main.m */ = {isa = PBXFileReference; lastKnownFileType = sourcecode.c.objc; path = main.m; sourceTree = "<group>"; };
		D320E88D1A44AC67002D9CD0 /* AppDelegate.h */ = {isa = PBXFileReference; lastKnownFileType = sourcecode.c.h; path = AppDelegate.h; sourceTree = "<group>"; };
		D320E88E1A44AC67002D9CD0 /* AppDelegate.m */ = {isa = PBXFileReference; lastKnownFileType = sourcecode.c.objc; path = AppDelegate.m; sourceTree = "<group>"; };
		D320E8911A44AC67002D9CD0 /* ALiTunesReviewData.xcdatamodel */ = {isa = PBXFileReference; lastKnownFileType = wrapper.xcdatamodel; path = ALiTunesReviewData.xcdatamodel; sourceTree = "<group>"; };
		D320E8931A44AC67002D9CD0 /* ViewController.h */ = {isa = PBXFileReference; lastKnownFileType = sourcecode.c.h; path = ViewController.h; sourceTree = "<group>"; };
		D320E8941A44AC67002D9CD0 /* ViewController.m */ = {isa = PBXFileReference; lastKnownFileType = sourcecode.c.objc; path = ViewController.m; sourceTree = "<group>"; };
		D320E8971A44AC67002D9CD0 /* Base */ = {isa = PBXFileReference; lastKnownFileType = file.storyboard; name = Base; path = Base.lproj/Main.storyboard; sourceTree = "<group>"; };
		D320E8991A44AC67002D9CD0 /* Images.xcassets */ = {isa = PBXFileReference; lastKnownFileType = folder.assetcatalog; path = Images.xcassets; sourceTree = "<group>"; };
		D320E89C1A44AC67002D9CD0 /* Base */ = {isa = PBXFileReference; lastKnownFileType = file.xib; name = Base; path = Base.lproj/LaunchScreen.xib; sourceTree = "<group>"; };
		D320E8A21A44AC67002D9CD0 /* ALiTunesReviewDataTests.xctest */ = {isa = PBXFileReference; explicitFileType = wrapper.cfbundle; includeInIndex = 0; path = ALiTunesReviewDataTests.xctest; sourceTree = BUILT_PRODUCTS_DIR; };
		D320E8A71A44AC67002D9CD0 /* Info.plist */ = {isa = PBXFileReference; lastKnownFileType = text.plist.xml; path = Info.plist; sourceTree = "<group>"; };
		D320E8A81A44AC67002D9CD0 /* ALiTunesReviewDataTests.m */ = {isa = PBXFileReference; lastKnownFileType = sourcecode.c.objc; path = ALiTunesReviewDataTests.m; sourceTree = "<group>"; };
/* End PBXFileReference section */

/* Begin PBXFrameworksBuildPhase section */
		D320E8831A44AC67002D9CD0 /* Frameworks */ = {
			isa = PBXFrameworksBuildPhase;
			buildActionMask = 2147483647;
			files = (
			);
			runOnlyForDeploymentPostprocessing = 0;
		};
		D320E89F1A44AC67002D9CD0 /* Frameworks */ = {
			isa = PBXFrameworksBuildPhase;
			buildActionMask = 2147483647;
			files = (
			);
			runOnlyForDeploymentPostprocessing = 0;
		};
/* End PBXFrameworksBuildPhase section */

/* Begin PBXGroup section */
		D320E87D1A44AC67002D9CD0 = {
			isa = PBXGroup;
			children = (
				D320E8881A44AC67002D9CD0 /* ALiTunesReviewData */,
				D320E8A51A44AC67002D9CD0 /* ALiTunesReviewDataTests */,
				D320E8871A44AC67002D9CD0 /* Products */,
			);
			sourceTree = "<group>";
		};
		D320E8871A44AC67002D9CD0 /* Products */ = {
			isa = PBXGroup;
			children = (
				D320E8861A44AC67002D9CD0 /* ALiTunesReviewData.app */,
				D320E8A21A44AC67002D9CD0 /* ALiTunesReviewDataTests.xctest */,
			);
			name = Products;
			sourceTree = "<group>";
		};
		D320E8881A44AC67002D9CD0 /* ALiTunesReviewData */ = {
			isa = PBXGroup;
			children = (
				D320E88D1A44AC67002D9CD0 /* AppDelegate.h */,
				D320E88E1A44AC67002D9CD0 /* AppDelegate.m */,
				D320E8931A44AC67002D9CD0 /* ViewController.h */,
				D320E8941A44AC67002D9CD0 /* ViewController.m */,
				D320E8961A44AC67002D9CD0 /* Main.storyboard */,
				D320E8991A44AC67002D9CD0 /* Images.xcassets */,
				D320E89B1A44AC67002D9CD0 /* LaunchScreen.xib */,
				D320E8901A44AC67002D9CD0 /* ALiTunesReviewData.xcdatamodeld */,
				D320E8891A44AC67002D9CD0 /* Supporting Files */,
			);
			path = ALiTunesReviewData;
			sourceTree = "<group>";
		};
		D320E8891A44AC67002D9CD0 /* Supporting Files */ = {
			isa = PBXGroup;
			children = (
				D320E88A1A44AC67002D9CD0 /* Info.plist */,
				D320E88B1A44AC67002D9CD0 /* main.m */,
			);
			name = "Supporting Files";
			sourceTree = "<group>";
		};
		D320E8A51A44AC67002D9CD0 /* ALiTunesReviewDataTests */ = {
			isa = PBXGroup;
			children = (
				D320E8A81A44AC67002D9CD0 /* ALiTunesReviewDataTests.m */,
				D320E8A61A44AC67002D9CD0 /* Supporting Files */,
			);
			path = ALiTunesReviewDataTests;
			sourceTree = "<group>";
		};
		D320E8A61A44AC67002D9CD0 /* Supporting Files */ = {
			isa = PBXGroup;
			children = (
				D320E8A71A44AC67002D9CD0 /* Info.plist */,
			);
			name = "Supporting Files";
			sourceTree = "<group>";
		};
/* End PBXGroup section */

/* Begin PBXNativeTarget section */
		D320E8851A44AC67002D9CD0 /* ALiTunesReviewData */ = {
			isa = PBXNativeTarget;
			buildConfigurationList = D320E8AC1A44AC67002D9CD0 /* Build configuration list for PBXNativeTarget "ALiTunesReviewData" */;
			buildPhases = (
				D320E8821A44AC67002D9CD0 /* Sources */,
				D320E8831A44AC67002D9CD0 /* Frameworks */,
				D320E8841A44AC67002D9CD0 /* Resources */,
			);
			buildRules = (
			);
			dependencies = (
			);
			name = ALiTunesReviewData;
			productName = ALiTunesReviewData;
			productReference = D320E8861A44AC67002D9CD0 /* ALiTunesReviewData.app */;
			productType = "com.apple.product-type.application";
		};
		D320E8A11A44AC67002D9CD0 /* ALiTunesReviewDataTests */ = {
			isa = PBXNativeTarget;
			buildConfigurationList = D320E8AF1A44AC67002D9CD0 /* Build configuration list for PBXNativeTarget "ALiTunesReviewDataTests" */;
			buildPhases = (
				D320E89E1A44AC67002D9CD0 /* Sources */,
				D320E89F1A44AC67002D9CD0 /* Frameworks */,
				D320E8A01A44AC67002D9CD0 /* Resources */,
			);
			buildRules = (
			);
			dependencies = (
				D320E8A41A44AC67002D9CD0 /* PBXTargetDependency */,
			);
			name = ALiTunesReviewDataTests;
			productName = ALiTunesReviewDataTests;
			productReference = D320E8A21A44AC67002D9CD0 /* ALiTunesReviewDataTests.xctest */;
			productType = "com.apple.product-type.bundle.unit-test";
		};
/* End PBXNativeTarget section */

/* Begin PBXProject section */
		D320E87E1A44AC67002D9CD0 /* Project object */ = {
			isa = PBXProject;
			attributes = {
				LastUpgradeCheck = 0610;
				ORGANIZATIONNAME = "AutoLean, Inc.";
				TargetAttributes = {
					D320E8851A44AC67002D9CD0 = {
						CreatedOnToolsVersion = 6.1.1;
					};
					D320E8A11A44AC67002D9CD0 = {
						CreatedOnToolsVersion = 6.1.1;
						TestTargetID = D320E8851A44AC67002D9CD0;
					};
				};
			};
			buildConfigurationList = D320E8811A44AC67002D9CD0 /* Build configuration list for PBXProject "ALiTunesReviewData" */;
			compatibilityVersion = "Xcode 3.2";
			developmentRegion = English;
			hasScannedForEncodings = 0;
			knownRegions = (
				en,
				Base,
			);
			mainGroup = D320E87D1A44AC67002D9CD0;
			productRefGroup = D320E8871A44AC67002D9CD0 /* Products */;
			projectDirPath = "";
			projectRoot = "";
			targets = (
				D320E8851A44AC67002D9CD0 /* ALiTunesReviewData */,
				D320E8A11A44AC67002D9CD0 /* ALiTunesReviewDataTests */,
			);
		};
/* End PBXProject section */

/* Begin PBXResourcesBuildPhase section */
		D320E8841A44AC67002D9CD0 /* Resources */ = {
			isa = PBXResourcesBuildPhase;
			buildActionMask = 2147483647;
			files = (
				D320E8981A44AC67002D9CD0 /* Main.storyboard in Resources */,
				D320E89D1A44AC67002D9CD0 /* LaunchScreen.xib in Resources */,
				D320E89A1A44AC67002D9CD0 /* Images.xcassets in Resources */,
			);
			runOnlyForDeploymentPostprocessing = 0;
		};
		D320E8A01A44AC67002D9CD0 /* Resources */ = {
			isa = PBXResourcesBuildPhase;
			buildActionMask = 2147483647;
			files = (
			);
			runOnlyForDeploymentPostprocessing = 0;
		};
/* End PBXResourcesBuildPhase section */

/* Begin PBXSourcesBuildPhase section */
		D320E8821A44AC67002D9CD0 /* Sources */ = {
			isa = PBXSourcesBuildPhase;
			buildActionMask = 2147483647;
			files = (
				D320E8921A44AC67002D9CD0 /* ALiTunesReviewData.xcdatamodeld in Sources */,
				D320E88F1A44AC67002D9CD0 /* AppDelegate.m in Sources */,
				D320E8951A44AC67002D9CD0 /* ViewController.m in Sources */,
				D320E88C1A44AC67002D9CD0 /* main.m in Sources */,
			);
			runOnlyForDeploymentPostprocessing = 0;
		};
		D320E89E1A44AC67002D9CD0 /* Sources */ = {
			isa = PBXSourcesBuildPhase;
			buildActionMask = 2147483647;
			files = (
				D320E8A91A44AC67002D9CD0 /* ALiTunesReviewDataTests.m in Sources */,
			);
			runOnlyForDeploymentPostprocessing = 0;
		};
/* End PBXSourcesBuildPhase section */

/* Begin PBXTargetDependency section */
		D320E8A41A44AC67002D9CD0 /* PBXTargetDependency */ = {
			isa = PBXTargetDependency;
			target = D320E8851A44AC67002D9CD0 /* ALiTunesReviewData */;
			targetProxy = D320E8A31A44AC67002D9CD0 /* PBXContainerItemProxy */;
		};
/* End PBXTargetDependency section */

/* Begin PBXVariantGroup section */
		D320E8961A44AC67002D9CD0 /* Main.storyboard */ = {
			isa = PBXVariantGroup;
			children = (
				D320E8971A44AC67002D9CD0 /* Base */,
			);
			name = Main.storyboard;
			sourceTree = "<group>";
		};
		D320E89B1A44AC67002D9CD0 /* LaunchScreen.xib */ = {
			isa = PBXVariantGroup;
			children = (
				D320E89C1A44AC67002D9CD0 /* Base */,
			);
			name = LaunchScreen.xib;
			sourceTree = "<group>";
		};
/* End PBXVariantGroup section */

/* Begin XCBuildConfiguration section */
		D320E8AA1A44AC67002D9CD0 /* Debug */ = {
			isa = XCBuildConfiguration;
			buildSettings = {
				ALWAYS_SEARCH_USER_PATHS = NO;
				CLANG_CXX_LANGUAGE_STANDARD = "gnu++0x";
				CLANG_CXX_LIBRARY = "libc++";
				CLANG_ENABLE_MODULES = YES;
				CLANG_ENABLE_OBJC_ARC = YES;
				CLANG_WARN_BOOL_CONVERSION = YES;
				CLANG_WARN_CONSTANT_CONVERSION = YES;
				CLANG_WARN_DIRECT_OBJC_ISA_USAGE = YES_ERROR;
				CLANG_WARN_EMPTY_BODY = YES;
				CLANG_WARN_ENUM_CONVERSION = YES;
				CLANG_WARN_INT_CONVERSION = YES;
				CLANG_WARN_OBJC_ROOT_CLASS = YES_ERROR;
				CLANG_WARN_UNREACHABLE_CODE = YES;
				CLANG_WARN__DUPLICATE_METHOD_MATCH = YES;
				"CODE_SIGN_IDENTITY[sdk=iphoneos*]" = "iPhone Developer";
				COPY_PHASE_STRIP = NO;
				ENABLE_STRICT_OBJC_MSGSEND = YES;
				GCC_C_LANGUAGE_STANDARD = gnu99;
				GCC_DYNAMIC_NO_PIC = NO;
				GCC_OPTIMIZATION_LEVEL = 0;
				GCC_PREPROCESSOR_DEFINITIONS = (
					"DEBUG=1",
					"$(inherited)",
				);
				GCC_SYMBOLS_PRIVATE_EXTERN = NO;
				GCC_WARN_64_TO_32_BIT_CONVERSION = YES;
				GCC_WARN_ABOUT_RETURN_TYPE = YES_ERROR;
				GCC_WARN_UNDECLARED_SELECTOR = YES;
				GCC_WARN_UNINITIALIZED_AUTOS = YES_AGGRESSIVE;
				GCC_WARN_UNUSED_FUNCTION = YES;
				GCC_WARN_UNUSED_VARIABLE = YES;
				IPHONEOS_DEPLOYMENT_TARGET = 8.1;
				MTL_ENABLE_DEBUG_INFO = YES;
				ONLY_ACTIVE_ARCH = YES;
				SDKROOT = iphoneos;
				TARGETED_DEVICE_FAMILY = "1,2";
			};
			name = Debug;
		};
		D320E8AB1A44AC67002D9CD0 /* Release */ = {
			isa = XCBuildConfiguration;
			buildSettings = {
				ALWAYS_SEARCH_USER_PATHS = NO;
				CLANG_CXX_LANGUAGE_STANDARD = "gnu++0x";
				CLANG_CXX_LIBRARY = "libc++";
				CLANG_ENABLE_MODULES = YES;
				CLANG_ENABLE_OBJC_ARC = YES;
				CLANG_WARN_BOOL_CONVERSION = YES;
				CLANG_WARN_CONSTANT_CONVERSION = YES;
				CLANG_WARN_DIRECT_OBJC_ISA_USAGE = YES_ERROR;
				CLANG_WARN_EMPTY_BODY = YES;
				CLANG_WARN_ENUM_CONVERSION = YES;
				CLANG_WARN_INT_CONVERSION = YES;
				CLANG_WARN_OBJC_ROOT_CLASS = YES_ERROR;
				CLANG_WARN_UNREACHABLE_CODE = YES;
				CLANG_WARN__DUPLICATE_METHOD_MATCH = YES;
				"CODE_SIGN_IDENTITY[sdk=iphoneos*]" = "iPhone Developer";
				COPY_PHASE_STRIP = YES;
				ENABLE_NS_ASSERTIONS = NO;
				ENABLE_STRICT_OBJC_MSGSEND = YES;
				GCC_C_LANGUAGE_STANDARD = gnu99;
				GCC_WARN_64_TO_32_BIT_CONVERSION = YES;
				GCC_WARN_ABOUT_RETURN_TYPE = YES_ERROR;
				GCC_WARN_UNDECLARED_SELECTOR = YES;
				GCC_WARN_UNINITIALIZED_AUTOS = YES_AGGRESSIVE;
				GCC_WARN_UNUSED_FUNCTION = YES;
				GCC_WARN_UNUSED_VARIABLE = YES;
				IPHONEOS_DEPLOYMENT_TARGET = 8.1;
				MTL_ENABLE_DEBUG_INFO = NO;
				SDKROOT = iphoneos;
				TARGETED_DEVICE_FAMILY = "1,2";
				VALIDATE_PRODUCT = YES;
			};
			name = Release;
		};
		D320E8AD1A44AC67002D9CD0 /* Debug */ = {
			isa = XCBuildConfiguration;
			buildSettings = {
				ASSETCATALOG_COMPILER_APPICON_NAME = AppIcon;
				INFOPLIST_FILE = ALiTunesReviewData/Info.plist;
				LD_RUNPATH_SEARCH_PATHS = "$(inherited) @executable_path/Frameworks";
				PRODUCT_NAME = "$(TARGET_NAME)";
			};
			name = Debug;
		};
		D320E8AE1A44AC67002D9CD0 /* Release */ = {
			isa = XCBuildConfiguration;
			buildSettings = {
				ASSETCATALOG_COMPILER_APPICON_NAME = AppIcon;
				INFOPLIST_FILE = ALiTunesReviewData/Info.plist;
				LD_RUNPATH_SEARCH_PATHS = "$(inherited) @executable_path/Frameworks";
				PRODUCT_NAME = "$(TARGET_NAME)";
			};
			name = Release;
		};
		D320E8B01A44AC67002D9CD0 /* Debug */ = {
			isa = XCBuildConfiguration;
			buildSettings = {
				BUNDLE_LOADER = "$(TEST_HOST)";
				FRAMEWORK_SEARCH_PATHS = (
					"$(SDKROOT)/Developer/Library/Frameworks",
					"$(inherited)",
				);
				GCC_PREPROCESSOR_DEFINITIONS = (
					"DEBUG=1",
					"$(inherited)",
				);
				INFOPLIST_FILE = ALiTunesReviewDataTests/Info.plist;
				LD_RUNPATH_SEARCH_PATHS = "$(inherited) @executable_path/Frameworks @loader_path/Frameworks";
				PRODUCT_NAME = "$(TARGET_NAME)";
				TEST_HOST = "$(BUILT_PRODUCTS_DIR)/ALiTunesReviewData.app/ALiTunesReviewData";
			};
			name = Debug;
		};
		D320E8B11A44AC67002D9CD0 /* Release */ = {
			isa = XCBuildConfiguration;
			buildSettings = {
				BUNDLE_LOADER = "$(TEST_HOST)";
				FRAMEWORK_SEARCH_PATHS = (
					"$(SDKROOT)/Developer/Library/Frameworks",
					"$(inherited)",
				);
				INFOPLIST_FILE = ALiTunesReviewDataTests/Info.plist;
				LD_RUNPATH_SEARCH_PATHS = "$(inherited) @executable_path/Frameworks @loader_path/Frameworks";
				PRODUCT_NAME = "$(TARGET_NAME)";
				TEST_HOST = "$(BUILT_PRODUCTS_DIR)/ALiTunesReviewData.app/ALiTunesReviewData";
			};
			name = Release;
		};
/* End XCBuildConfiguration section */

/* Begin XCConfigurationList section */
		D320E8811A44AC67002D9CD0 /* Build configuration list for PBXProject "ALiTunesReviewData" */ = {
			isa = XCConfigurationList;
			buildConfigurations = (
				D320E8AA1A44AC67002D9CD0 /* Debug */,
				D320E8AB1A44AC67002D9CD0 /* Release */,
			);
			defaultConfigurationIsVisible = 0;
			defaultConfigurationName = Release;
		};
		D320E8AC1A44AC67002D9CD0 /* Build configuration list for PBXNativeTarget "ALiTunesReviewData" */ = {
			isa = XCConfigurationList;
			buildConfigurations = (
				D320E8AD1A44AC67002D9CD0 /* Debug */,
				D320E8AE1A44AC67002D9CD0 /* Release */,
			);
			defaultConfigurationIsVisible = 0;
		};
		D320E8AF1A44AC67002D9CD0 /* Build configuration list for PBXNativeTarget "ALiTunesReviewDataTests" */ = {
			isa = XCConfigurationList;
			buildConfigurations = (
				D320E8B01A44AC67002D9CD0 /* Debug */,
				D320E8B11A44AC67002D9CD0 /* Release */,
			);
			defaultConfigurationIsVisible = 0;
		};
/* End XCConfigurationList section */

/* Begin XCVersionGroup section */
		D320E8901A44AC67002D9CD0 /* ALiTunesReviewData.xcdatamodeld */ = {
			isa = XCVersionGroup;
			children = (
				D320E8911A44AC67002D9CD0 /* ALiTunesReviewData.xcdatamodel */,
			);
			currentVersion = D320E8911A44AC67002D9CD0 /* ALiTunesReviewData.xcdatamodel */;
			path = ALiTunesReviewData.xcdatamodeld;
			sourceTree = "<group>";
			versionGroupType = wrapper.xcdatamodel;
		};
/* End XCVersionGroup section */
	};
	rootObject = D320E87E1A44AC67002D9CD0 /* Project object */;
}
